
Microsoft Visual Studio Solution File, Format Version 12.00
# Visual Studio Version 17
VisualStudioVersion = 17.7.34009.444
MinimumVisualStudioVersion = 10.0.40219.1
Project("{FAE04EC0-301F-11D3-BF4B-00C04F79EFBC}") = "WpfAnime", "WpfAnime\WpfAnime.csproj", "{A246AD38-08DB-45FC-881E-5F80D1197B4A}"
EndProject
Global
	GlobalSection(SolutionConfigurationPlatforms) = preSolution
		Debug|Any CPU = Debug|Any CPU
		Release|Any CPU = Release|Any CPU
	EndGlobalSection
	GlobalSection(ProjectConfigurationPlatforms) = postSolution
		{A246AD38-08DB-45FC-881E-5F80D1197B4A}.Debug|Any CPU.ActiveCfg = Debug|Any CPU
		{A246AD38-08DB-45FC-881E-5F80D1197B4A}.Debug|Any CPU.Build.0 = Debug|Any CPU
		{A246AD38-08DB-45FC-881E-5F80D1197B4A}.Release|Any CPU.ActiveCfg = Release|Any CPU
		{A246AD38-08DB-45FC-881E-5F80D1197B4A}.Release|Any CPU.Build.0 = Release|Any CPU
	EndGlobalSection
	GlobalSection(SolutionProperties) = preSolution
		HideSolutionNode = FALSE
	EndGlobalSection
	GlobalSection(ExtensibilityGlobals) = postSolution
		SolutionGuid = {EE8A463F-1150-47F9-9984-9DACC6896F61}
	EndGlobalSection
EndGlobal
